// !$*UTF8*$!
{
	archiveVersion = 1;
	classes = {
	};
	objectVersion = 50;
	objects = {

/* Begin PBXBuildFile section */
		AA4060BC247E1DAC009F0858 /* AppDelegate.swift in Sources */ = {isa = PBXBuildFile; fileRef = AA4060BB247E1DAC009F0858 /* AppDelegate.swift */; };
		AA4060BE247E1DAC009F0858 /* SceneDelegate.swift in Sources */ = {isa = PBXBuildFile; fileRef = AA4060BD247E1DAC009F0858 /* SceneDelegate.swift */; };
		AA4060C0247E1DAC009F0858 /* ViewController.swift in Sources */ = {isa = PBXBuildFile; fileRef = AA4060BF247E1DAC009F0858 /* ViewController.swift */; };
		AA4060C3247E1DAC009F0858 /* Main.storyboard in Resources */ = {isa = PBXBuildFile; fileRef = AA4060C1247E1DAC009F0858 /* Main.storyboard */; };
		AA4060C5247E1DAC009F0858 /* Assets.xcassets in Resources */ = {isa = PBXBuildFile; fileRef = AA4060C4247E1DAC009F0858 /* Assets.xcassets */; };
		AA4060C8247E1DAC009F0858 /* LaunchScreen.storyboard in Resources */ = {isa = PBXBuildFile; fileRef = AA4060C6247E1DAC009F0858 /* LaunchScreen.storyboard */; };
		AAABF582248641F500344C37 /* DoubleTapTest.storyboard in Resources */ = {isa = PBXBuildFile; fileRef = AAABF581248641F500344C37 /* DoubleTapTest.storyboard */; };
		AAABF5852486443C00344C37 /* DoubleTapViewController.swift in Sources */ = {isa = PBXBuildFile; fileRef = AAABF5842486443C00344C37 /* DoubleTapViewController.swift */; };
		AAD3021A247E3440009F8A7B /* PageViewController.swift in Sources */ = {isa = PBXBuildFile; fileRef = AAD30219247E3440009F8A7B /* PageViewController.swift */; };
/* End PBXBuildFile section */

/* Begin PBXFileReference section */
		AA4060B8247E1DAC009F0858 /* playground.app */ = {isa = PBXFileReference; explicitFileType = wrapper.application; includeInIndex = 0; path = playground.app; sourceTree = BUILT_PRODUCTS_DIR; };
		AA4060BB247E1DAC009F0858 /* AppDelegate.swift */ = {isa = PBXFileReference; lastKnownFileType = sourcecode.swift; path = AppDelegate.swift; sourceTree = "<group>"; };
		AA4060BD247E1DAC009F0858 /* SceneDelegate.swift */ = {isa = PBXFileReference; lastKnownFileType = sourcecode.swift; path = SceneDelegate.swift; sourceTree = "<group>"; };
		AA4060BF247E1DAC009F0858 /* ViewController.swift */ = {isa = PBXFileReference; lastKnownFileType = sourcecode.swift; path = ViewController.swift; sourceTree = "<group>"; };
		AA4060C2247E1DAC009F0858 /* Base */ = {isa = PBXFileReference; lastKnownFileType = file.storyboard; name = Base; path = Base.lproj/Main.storyboard; sourceTree = "<group>"; };
		AA4060C4247E1DAC009F0858 /* Assets.xcassets */ = {isa = PBXFileReference; lastKnownFileType = folder.assetcatalog; path = Assets.xcassets; sourceTree = "<group>"; };
		AA4060C7247E1DAC009F0858 /* Base */ = {isa = PBXFileReference; lastKnownFileType = file.storyboard; name = Base; path = Base.lproj/LaunchScreen.storyboard; sourceTree = "<group>"; };
		AA4060C9247E1DAC009F0858 /* Info.plist */ = {isa = PBXFileReference; lastKnownFileType = text.plist.xml; path = Info.plist; sourceTree = "<group>"; };
		AAABF581248641F500344C37 /* DoubleTapTest.storyboard */ = {isa = PBXFileReference; lastKnownFileType = file.storyboard; path = DoubleTapTest.storyboard; sourceTree = "<group>"; };
		AAABF5842486443C00344C37 /* DoubleTapViewController.swift */ = {isa = PBXFileReference; lastKnownFileType = sourcecode.swift; path = DoubleTapViewController.swift; sourceTree = "<group>"; };
		AAD30219247E3440009F8A7B /* PageViewController.swift */ = {isa = PBXFileReference; lastKnownFileType = sourcecode.swift; path = PageViewController.swift; sourceTree = "<group>"; };
/* End PBXFileReference section */

/* Begin PBXFrameworksBuildPhase section */
		AA4060B5247E1DAC009F0858 /* Frameworks */ = {
			isa = PBXFrameworksBuildPhase;
			buildActionMask = 2147483647;
			files = (
			);
			runOnlyForDeploymentPostprocessing = 0;
		};
/* End PBXFrameworksBuildPhase section */

/* Begin PBXGroup section */
		AA4060AF247E1DAC009F0858 = {
			isa = PBXGroup;
			children = (
				AA4060BA247E1DAC009F0858 /* playground */,
				AA4060B9247E1DAC009F0858 /* Products */,
			);
			sourceTree = "<group>";
		};
		AA4060B9247E1DAC009F0858 /* Products */ = {
			isa = PBXGroup;
			children = (
				AA4060B8247E1DAC009F0858 /* playground.app */,
			);
			name = Products;
			sourceTree = "<group>";
		};
		AA4060BA247E1DAC009F0858 /* playground */ = {
			isa = PBXGroup;
			children = (
				AAABF5832486441D00344C37 /* DoubleTap */,
				AA4060BB247E1DAC009F0858 /* AppDelegate.swift */,
				AA4060BD247E1DAC009F0858 /* SceneDelegate.swift */,
				AA4060BF247E1DAC009F0858 /* ViewController.swift */,
				AA4060C1247E1DAC009F0858 /* Main.storyboard */,
				AA4060C4247E1DAC009F0858 /* Assets.xcassets */,
				AA4060C6247E1DAC009F0858 /* LaunchScreen.storyboard */,
				AA4060C9247E1DAC009F0858 /* Info.plist */,
				AAD30219247E3440009F8A7B /* PageViewController.swift */,
			);
			path = playground;
			sourceTree = "<group>";
		};
		AAABF5832486441D00344C37 /* DoubleTap */ = {
			isa = PBXGroup;
			children = (
				AAABF581248641F500344C37 /* DoubleTapTest.storyboard */,
				AAABF5842486443C00344C37 /* DoubleTapViewController.swift */,
			);
			path = DoubleTap;
			sourceTree = "<group>";
		};
/* End PBXGroup section */

/* Begin PBXNativeTarget section */
		AA4060B7247E1DAC009F0858 /* playground */ = {
			isa = PBXNativeTarget;
			buildConfigurationList = AA4060CC247E1DAC009F0858 /* Build configuration list for PBXNativeTarget "playground" */;
			buildPhases = (
				AA4060B4247E1DAC009F0858 /* Sources */,
				AA4060B5247E1DAC009F0858 /* Frameworks */,
				AA4060B6247E1DAC009F0858 /* Resources */,
			);
			buildRules = (
			);
			dependencies = (
			);
			name = playground;
			productName = playground;
			productReference = AA4060B8247E1DAC009F0858 /* playground.app */;
			productType = "com.apple.product-type.application";
		};
/* End PBXNativeTarget section */

/* Begin PBXProject section */
		AA4060B0247E1DAC009F0858 /* Project object */ = {
			isa = PBXProject;
			attributes = {
				LastSwiftUpdateCheck = 1140;
				LastUpgradeCheck = 1140;
				ORGANIZATIONNAME = Mingky;
				TargetAttributes = {
					AA4060B7247E1DAC009F0858 = {
						CreatedOnToolsVersion = 11.4.1;
					};
				};
			};
			buildConfigurationList = AA4060B3247E1DAC009F0858 /* Build configuration list for PBXProject "playground" */;
			compatibilityVersion = "Xcode 9.3";
			developmentRegion = en;
			hasScannedForEncodings = 0;
			knownRegions = (
				en,
				Base,
			);
			mainGroup = AA4060AF247E1DAC009F0858;
			productRefGroup = AA4060B9247E1DAC009F0858 /* Products */;
			projectDirPath = "";
			projectRoot = "";
			targets = (
				AA4060B7247E1DAC009F0858 /* playground */,
			);
		};
/* End PBXProject section */

/* Begin PBXResourcesBuildPhase section */
		AA4060B6247E1DAC009F0858 /* Resources */ = {
			isa = PBXResourcesBuildPhase;
			buildActionMask = 2147483647;
			files = (
				AA4060C8247E1DAC009F0858 /* LaunchScreen.storyboard in Resources */,
				AA4060C5247E1DAC009F0858 /* Assets.xcassets in Resources */,
				AA4060C3247E1DAC009F0858 /* Main.storyboard in Resources */,
				AAABF582248641F500344C37 /* DoubleTapTest.storyboard in Resources */,
			);
			runOnlyForDeploymentPostprocessing = 0;
		};
/* End PBXResourcesBuildPhase section */

/* Begin PBXSourcesBuildPhase section */
		AA4060B4247E1DAC009F0858 /* Sources */ = {
			isa = PBXSourcesBuildPhase;
			buildActionMask = 2147483647;
			files = (
				AA4060C0247E1DAC009F0858 /* ViewController.swift in Sources */,
				AA4060BC247E1DAC009F0858 /* AppDelegate.swift in Sources */,
				AAABF5852486443C00344C37 /* DoubleTapViewController.swift in Sources */,
				AA4060BE247E1DAC009F0858 /* SceneDelegate.swift in Sources */,
				AAD3021A247E3440009F8A7B /* PageViewController.swift in Sources */,
			);
			runOnlyForDeploymentPostprocessing = 0;
		};
/* End PBXSourcesBuildPhase section */

/* Begin PBXVariantGroup section */
		AA4060C1247E1DAC009F0858 /* Main.storyboard */ = {
			isa = PBXVariantGroup;
			children = (
				AA4060C2247E1DAC009F0858 /* Base */,
			);
			name = Main.storyboard;
			sourceTree = "<group>";
		};
		AA4060C6247E1DAC009F0858 /* LaunchScreen.storyboard */ = {
			isa = PBXVariantGroup;
			children = (
				AA4060C7247E1DAC009F0858 /* Base */,
			);
			name = LaunchScreen.storyboard;
			sourceTree = "<group>";
		};
/* End PBXVariantGroup section */

/* Begin XCBuildConfiguration section */
		AA4060CA247E1DAC009F0858 /* Debug */ = {
			isa = XCBuildConfiguration;
			buildSettings = {
				ALWAYS_SEARCH_USER_PATHS = NO;
				CLANG_ANALYZER_NONNULL = YES;
				CLANG_ANALYZER_NUMBER_OBJECT_CONVERSION = YES_AGGRESSIVE;
				CLANG_CXX_LANGUAGE_STANDARD = "gnu++14";
				CLANG_CXX_LIBRARY = "libc++";
				CLANG_ENABLE_MODULES = YES;
				CLANG_ENABLE_OBJC_ARC = YES;
				CLANG_ENABLE_OBJC_WEAK = YES;
				CLANG_WARN_BLOCK_CAPTURE_AUTORELEASING = YES;
				CLANG_WARN_BOOL_CONVERSION = YES;
				CLANG_WARN_COMMA = YES;
				CLANG_WARN_CONSTANT_CONVERSION = YES;
				CLANG_WARN_DEPRECATED_OBJC_IMPLEMENTATIONS = YES;
				CLANG_WARN_DIRECT_OBJC_ISA_USAGE = YES_ERROR;
				CLANG_WARN_DOCUMENTATION_COMMENTS = YES;
				CLANG_WARN_EMPTY_BODY = YES;
				CLANG_WARN_ENUM_CONVERSION = YES;
				CLANG_WARN_INFINITE_RECURSION = YES;
				CLANG_WARN_INT_CONVERSION = YES;
				CLANG_WARN_NON_LITERAL_NULL_CONVERSION = YES;
				CLANG_WARN_OBJC_IMPLICIT_RETAIN_SELF = YES;
				CLANG_WARN_OBJC_LITERAL_CONVERSION = YES;
				CLANG_WARN_OBJC_ROOT_CLASS = YES_ERROR;
				CLANG_WARN_RANGE_LOOP_ANALYSIS = YES;
				CLANG_WARN_STRICT_PROTOTYPES = YES;
				CLANG_WARN_SUSPICIOUS_MOVE = YES;
				CLANG_WARN_UNGUARDED_AVAILABILITY = YES_AGGRESSIVE;
				CLANG_WARN_UNREACHABLE_CODE = YES;
				CLANG_WARN__DUPLICATE_METHOD_MATCH = YES;
				COPY_PHASE_STRIP = NO;
				DEBUG_INFORMATION_FORMAT = dwarf;
				ENABLE_STRICT_OBJC_MSGSEND = YES;
				ENABLE_TESTABILITY = YES;
				GCC_C_LANGUAGE_STANDARD = gnu11;
				GCC_DYNAMIC_NO_PIC = NO;
				GCC_NO_COMMON_BLOCKS = YES;
				GCC_OPTIMIZATION_LEVEL = 0;
				GCC_PREPROCESSOR_DEFINITIONS = (
					"DEBUG=1",
					"$(inherited)",
				);
				GCC_WARN_64_TO_32_BIT_CONVERSION = YES;
				GCC_WARN_ABOUT_RETURN_TYPE = YES_ERROR;
				GCC_WARN_UNDECLARED_SELECTOR = YES;
				GCC_WARN_UNINITIALIZED_AUTOS = YES_AGGRESSIVE;
				GCC_WARN_UNUSED_FUNCTION = YES;
				GCC_WARN_UNUSED_VARIABLE = YES;
				IPHONEOS_DEPLOYMENT_TARGET = 13.4;
				MTL_ENABLE_DEBUG_INFO = INCLUDE_SOURCE;
				MTL_FAST_MATH = YES;
				ONLY_ACTIVE_ARCH = YES;
				SDKROOT = iphoneos;
				SWIFT_ACTIVE_COMPILATION_CONDITIONS = DEBUG;
				SWIFT_OPTIMIZATION_LEVEL = "-Onone";
			};
			name = Debug;
		};
		AA4060CB247E1DAC009F0858 /* Release */ = {
			isa = XCBuildConfiguration;
			buildSettings = {
				ALWAYS_SEARCH_USER_PATHS = NO;
				CLANG_ANALYZER_NONNULL = YES;
				CLANG_ANALYZER_NUMBER_OBJECT_CONVERSION = YES_AGGRESSIVE;
				CLANG_CXX_LANGUAGE_STANDARD = "gnu++14";
				CLANG_CXX_LIBRARY = "libc++";
				CLANG_ENABLE_MODULES = YES;
				CLANG_ENABLE_OBJC_ARC = YES;
				CLANG_ENABLE_OBJC_WEAK = YES;
				CLANG_WARN_BLOCK_CAPTURE_AUTORELEASING = YES;
				CLANG_WARN_BOOL_CONVERSION = YES;
				CLANG_WARN_COMMA = YES;
				CLANG_WARN_CONSTANT_CONVERSION = YES;
				CLANG_WARN_DEPRECATED_OBJC_IMPLEMENTATIONS = YES;
				CLANG_WARN_DIRECT_OBJC_ISA_USAGE = YES_ERROR;
				CLANG_WARN_DOCUMENTATION_COMMENTS = YES;
				CLANG_WARN_EMPTY_BODY = YES;
				CLANG_WARN_ENUM_CONVERSION = YES;
				CLANG_WARN_INFINITE_RECURSION = YES;
				CLANG_WARN_INT_CONVERSION = YES;
				CLANG_WARN_NON_LITERAL_NULL_CONVERSION = YES;
				CLANG_WARN_OBJC_IMPLICIT_RETAIN_SELF = YES;
				CLANG_WARN_OBJC_LITERAL_CONVERSION = YES;
				CLANG_WARN_OBJC_ROOT_CLASS = YES_ERROR;
				CLANG_WARN_RANGE_LOOP_ANALYSIS = YES;
				CLANG_WARN_STRICT_PROTOTYPES = YES;
				CLANG_WARN_SUSPICIOUS_MOVE = YES;
				CLANG_WARN_UNGUARDED_AVAILABILITY = YES_AGGRESSIVE;
				CLANG_WARN_UNREACHABLE_CODE = YES;
				CLANG_WARN__DUPLICATE_METHOD_MATCH = YES;
				COPY_PHASE_STRIP = NO;
				DEBUG_INFORMATION_FORMAT = "dwarf-with-dsym";
				ENABLE_NS_ASSERTIONS = NO;
				ENABLE_STRICT_OBJC_MSGSEND = YES;
				GCC_C_LANGUAGE_STANDARD = gnu11;
				GCC_NO_COMMON_BLOCKS = YES;
				GCC_WARN_64_TO_32_BIT_CONVERSION = YES;
				GCC_WARN_ABOUT_RETURN_TYPE = YES_ERROR;
				GCC_WARN_UNDECLARED_SELECTOR = YES;
				GCC_WARN_UNINITIALIZED_AUTOS = YES_AGGRESSIVE;
				GCC_WARN_UNUSED_FUNCTION = YES;
				GCC_WARN_UNUSED_VARIABLE = YES;
				IPHONEOS_DEPLOYMENT_TARGET = 13.4;
				MTL_ENABLE_DEBUG_INFO = NO;
				MTL_FAST_MATH = YES;
				SDKROOT = iphoneos;
				SWIFT_COMPILATION_MODE = wholemodule;
				SWIFT_OPTIMIZATION_LEVEL = "-O";
				VALIDATE_PRODUCT = YES;
			};
			name = Release;
		};
		AA4060CD247E1DAC009F0858 /* Debug */ = {
			isa = XCBuildConfiguration;
			buildSettings = {
				ASSETCATALOG_COMPILER_APPICON_NAME = AppIcon;
				CODE_SIGN_STYLE = Automatic;
				DEVELOPMENT_TEAM = ZW2MC5SS4Z;
				INFOPLIST_FILE = playground/Info.plist;
				LD_RUNPATH_SEARCH_PATHS = (
					"$(inherited)",
					"@executable_path/Frameworks",
				);
				PRODUCT_BUNDLE_IDENTIFIER = Mingky.me.playground;
				PRODUCT_NAME = "$(TARGET_NAME)";
				SWIFT_VERSION = 5.0;
				TARGETED_DEVICE_FAMILY = "1,2";
			};
			name = Debug;
		};
		AA4060CE247E1DAC009F0858 /* Release */ = {
			isa = XCBuildConfiguration;
			buildSettings = {
				ASSETCATALOG_COMPILER_APPICON_NAME = AppIcon;
				CODE_SIGN_STYLE = Automatic;
				DEVELOPMENT_TEAM = ZW2MC5SS4Z;
				INFOPLIST_FILE = playground/Info.plist;
				LD_RUNPATH_SEARCH_PATHS = (
					"$(inherited)",
					"@executable_path/Frameworks",
				);
				PRODUCT_BUNDLE_IDENTIFIER = Mingky.me.playground;
				PRODUCT_NAME = "$(TARGET_NAME)";
				SWIFT_VERSION = 5.0;
				TARGETED_DEVICE_FAMILY = "1,2";
			};
			name = Release;
		};
/* End XCBuildConfiguration section */

/* Begin XCConfigurationList section */
		AA4060B3247E1DAC009F0858 /* Build configuration list for PBXProject "playground" */ = {
			isa = XCConfigurationList;
			buildConfigurations = (
				AA4060CA247E1DAC009F0858 /* Debug */,
				AA4060CB247E1DAC009F0858 /* Release */,
			);
			defaultConfigurationIsVisible = 0;
			defaultConfigurationName = Release;
		};
		AA4060CC247E1DAC009F0858 /* Build configuration list for PBXNativeTarget "playground" */ = {
			isa = XCConfigurationList;
			buildConfigurations = (
				AA4060CD247E1DAC009F0858 /* Debug */,
				AA4060CE247E1DAC009F0858 /* Release */,
			);
			defaultConfigurationIsVisible = 0;
			defaultConfigurationName = Release;
		};
/* End XCConfigurationList section */
	};
	rootObject = AA4060B0247E1DAC009F0858 /* Project object */;
}
